
Microsoft Visual Studio Solution File, Format Version 12.00
Project("{FAE04EC0-301F-11D3-BF4B-00C04F79EFBC}") = "MongoBus", "src\MongoBus\MongoBus.csproj", "{22170C79-910D-4AA9-8516-33967942C542}"
EndProject
Project("{FAE04EC0-301F-11D3-BF4B-00C04F79EFBC}") = "MongoBus.Tests", "tests\MongoBus.Tests\MongoBus.Tests.csproj", "{410B9A1B-489A-410F-AACA-F2F4A7746AC9}"
EndProject
Project("{2150E333-8FDC-42A3-9474-1A3956D46DE8}") = "samples", "samples", "{5D20AA90-6969-D8BD-9DCD-8634F4692FDA}"
EndProject
Project("{FAE04EC0-301F-11D3-BF4B-00C04F79EFBC}") = "MongoBus.Sample", "samples\MongoBus.Sample\MongoBus.Sample.csproj", "{328FE03B-5A37-461B-8264-4859B91DB54C}"
EndProject
Project("{2150E333-8FDC-42A3-9474-1A3956D46DE8}") = "src", "src", "{827E0CD3-B72D-47B6-A68D-7590B98EB39B}"
EndProject
Project("{FAE04EC0-301F-11D3-BF4B-00C04F79EFBC}") = "MongoBus.Dashboard", "src\MongoBus.Dashboard\MongoBus.Dashboard.csproj", "{00A7EB65-D580-4B29-B423-6D3FEB454911}"
EndProject
Project("{2150E333-8FDC-42A3-9474-1A3956D46DE8}") = "tests", "tests", "{0AB3BF05-4346-4AA6-1389-037BE0695223}"
EndProject
Project("{FAE04EC0-301F-11D3-BF4B-00C04F79EFBC}") = "MongoBus.Dashboard.Tests", "tests\MongoBus.Dashboard.Tests\MongoBus.Dashboard.Tests.csproj", "{C1D06707-E15C-4551-825A-49CC82A75610}"
EndProject
Global
	GlobalSection(SolutionConfigurationPlatforms) = preSolution
		Debug|Any CPU = Debug|Any CPU
		Debug|x64 = Debug|x64
		Debug|x86 = Debug|x86
		Release|Any CPU = Release|Any CPU
		Release|x64 = Release|x64
		Release|x86 = Release|x86
	EndGlobalSection
	GlobalSection(ProjectConfigurationPlatforms) = postSolution
		{22170C79-910D-4AA9-8516-33967942C542}.Debug|Any CPU.ActiveCfg = Debug|Any CPU
		{22170C79-910D-4AA9-8516-33967942C542}.Debug|Any CPU.Build.0 = Debug|Any CPU
		{22170C79-910D-4AA9-8516-33967942C542}.Debug|x64.ActiveCfg = Debug|Any CPU
		{22170C79-910D-4AA9-8516-33967942C542}.Debug|x64.Build.0 = Debug|Any CPU
		{22170C79-910D-4AA9-8516-33967942C542}.Debug|x86.ActiveCfg = Debug|Any CPU
		{22170C79-910D-4AA9-8516-33967942C542}.Debug|x86.Build.0 = Debug|Any CPU
		{22170C79-910D-4AA9-8516-33967942C542}.Release|Any CPU.ActiveCfg = Release|Any CPU
		{22170C79-910D-4AA9-8516-33967942C542}.Release|Any CPU.Build.0 = Release|Any CPU
		{22170C79-910D-4AA9-8516-33967942C542}.Release|x64.ActiveCfg = Release|Any CPU
		{22170C79-910D-4AA9-8516-33967942C542}.Release|x64.Build.0 = Release|Any CPU
		{22170C79-910D-4AA9-8516-33967942C542}.Release|x86.ActiveCfg = Release|Any CPU
		{22170C79-910D-4AA9-8516-33967942C542}.Release|x86.Build.0 = Release|Any CPU
		{410B9A1B-489A-410F-AACA-F2F4A7746AC9}.Debug|Any CPU.ActiveCfg = Debug|Any CPU
		{410B9A1B-489A-410F-AACA-F2F4A7746AC9}.Debug|Any CPU.Build.0 = Debug|Any CPU
		{410B9A1B-489A-410F-AACA-F2F4A7746AC9}.Debug|x64.ActiveCfg = Debug|Any CPU
		{410B9A1B-489A-410F-AACA-F2F4A7746AC9}.Debug|x64.Build.0 = Debug|Any CPU
		{410B9A1B-489A-410F-AACA-F2F4A7746AC9}.Debug|x86.ActiveCfg = Debug|Any CPU
		{410B9A1B-489A-410F-AACA-F2F4A7746AC9}.Debug|x86.Build.0 = Debug|Any CPU
		{410B9A1B-489A-410F-AACA-F2F4A7746AC9}.Release|Any CPU.ActiveCfg = Release|Any CPU
		{410B9A1B-489A-410F-AACA-F2F4A7746AC9}.Release|Any CPU.Build.0 = Release|Any CPU
		{410B9A1B-489A-410F-AACA-F2F4A7746AC9}.Release|x64.ActiveCfg = Release|Any CPU
		{410B9A1B-489A-410F-AACA-F2F4A7746AC9}.Release|x64.Build.0 = Release|Any CPU
		{410B9A1B-489A-410F-AACA-F2F4A7746AC9}.Release|x86.ActiveCfg = Release|Any CPU
		{410B9A1B-489A-410F-AACA-F2F4A7746AC9}.Release|x86.Build.0 = Release|Any CPU
		{328FE03B-5A37-461B-8264-4859B91DB54C}.Debug|Any CPU.ActiveCfg = Debug|Any CPU
		{328FE03B-5A37-461B-8264-4859B91DB54C}.Debug|Any CPU.Build.0 = Debug|Any CPU
		{328FE03B-5A37-461B-8264-4859B91DB54C}.Debug|x64.ActiveCfg = Debug|Any CPU
		{328FE03B-5A37-461B-8264-4859B91DB54C}.Debug|x64.Build.0 = Debug|Any CPU
		{328FE03B-5A37-461B-8264-4859B91DB54C}.Debug|x86.ActiveCfg = Debug|Any CPU
		{328FE03B-5A37-461B-8264-4859B91DB54C}.Debug|x86.Build.0 = Debug|Any CPU
		{328FE03B-5A37-461B-8264-4859B91DB54C}.Release|Any CPU.ActiveCfg = Release|Any CPU
		{328FE03B-5A37-461B-8264-4859B91DB54C}.Release|Any CPU.Build.0 = Release|Any CPU
		{328FE03B-5A37-461B-8264-4859B91DB54C}.Release|x64.ActiveCfg = Release|Any CPU
		{328FE03B-5A37-461B-8264-4859B91DB54C}.Release|x64.Build.0 = Release|Any CPU
		{328FE03B-5A37-461B-8264-4859B91DB54C}.Release|x86.ActiveCfg = Release|Any CPU
		{328FE03B-5A37-461B-8264-4859B91DB54C}.Release|x86.Build.0 = Release|Any CPU
		{00A7EB65-D580-4B29-B423-6D3FEB454911}.Debug|Any CPU.ActiveCfg = Debug|Any CPU
		{00A7EB65-D580-4B29-B423-6D3FEB454911}.Debug|Any CPU.Build.0 = Debug|Any CPU
		{00A7EB65-D580-4B29-B423-6D3FEB454911}.Debug|x64.ActiveCfg = Debug|Any CPU
		{00A7EB65-D580-4B29-B423-6D3FEB454911}.Debug|x64.Build.0 = Debug|Any CPU
		{00A7EB65-D580-4B29-B423-6D3FEB454911}.Debug|x86.ActiveCfg = Debug|Any CPU
		{00A7EB65-D580-4B29-B423-6D3FEB454911}.Debug|x86.Build.0 = Debug|Any CPU
		{00A7EB65-D580-4B29-B423-6D3FEB454911}.Release|Any CPU.ActiveCfg = Release|Any CPU
		{00A7EB65-D580-4B29-B423-6D3FEB454911}.Release|Any CPU.Build.0 = Release|Any CPU
		{00A7EB65-D580-4B29-B423-6D3FEB454911}.Release|x64.ActiveCfg = Release|Any CPU
		{00A7EB65-D580-4B29-B423-6D3FEB454911}.Release|x64.Build.0 = Release|Any CPU
		{00A7EB65-D580-4B29-B423-6D3FEB454911}.Release|x86.ActiveCfg = Release|Any CPU
		{00A7EB65-D580-4B29-B423-6D3FEB454911}.Release|x86.Build.0 = Release|Any CPU
		{C1D06707-E15C-4551-825A-49CC82A75610}.Debug|Any CPU.ActiveCfg = Debug|Any CPU
		{C1D06707-E15C-4551-825A-49CC82A75610}.Debug|Any CPU.Build.0 = Debug|Any CPU
		{C1D06707-E15C-4551-825A-49CC82A75610}.Debug|x64.ActiveCfg = Debug|Any CPU
		{C1D06707-E15C-4551-825A-49CC82A75610}.Debug|x64.Build.0 = Debug|Any CPU
		{C1D06707-E15C-4551-825A-49CC82A75610}.Debug|x86.ActiveCfg = Debug|Any CPU
		{C1D06707-E15C-4551-825A-49CC82A75610}.Debug|x86.Build.0 = Debug|Any CPU
		{C1D06707-E15C-4551-825A-49CC82A75610}.Release|Any CPU.ActiveCfg = Release|Any CPU
		{C1D06707-E15C-4551-825A-49CC82A75610}.Release|Any CPU.Build.0 = Release|Any CPU
		{C1D06707-E15C-4551-825A-49CC82A75610}.Release|x64.ActiveCfg = Release|Any CPU
		{C1D06707-E15C-4551-825A-49CC82A75610}.Release|x64.Build.0 = Release|Any CPU
		{C1D06707-E15C-4551-825A-49CC82A75610}.Release|x86.ActiveCfg = Release|Any CPU
		{C1D06707-E15C-4551-825A-49CC82A75610}.Release|x86.Build.0 = Release|Any CPU
	EndGlobalSection
	GlobalSection(SolutionProperties) = preSolution
		HideSolutionNode = FALSE
	EndGlobalSection
	GlobalSection(NestedProjects) = preSolution
		{22170C79-910D-4AA9-8516-33967942C542} = {827E0CD3-B72D-47B6-A68D-7590B98EB39B}
		{410B9A1B-489A-410F-AACA-F2F4A7746AC9} = {0AB3BF05-4346-4AA6-1389-037BE0695223}
		{328FE03B-5A37-461B-8264-4859B91DB54C} = {5D20AA90-6969-D8BD-9DCD-8634F4692FDA}
		{00A7EB65-D580-4B29-B423-6D3FEB454911} = {827E0CD3-B72D-47B6-A68D-7590B98EB39B}
		{C1D06707-E15C-4551-825A-49CC82A75610} = {0AB3BF05-4346-4AA6-1389-037BE0695223}
	EndGlobalSection
EndGlobal
